
Microsoft Visual Studio Solution File, Format Version 12.00
# Visual Studio Version 17
VisualStudioVersion = 17.4.33213.308
MinimumVisualStudioVersion = 10.0.40219.1
Project("{FAE04EC0-301F-11D3-BF4B-00C04F79EFBC}") = "TelaAzul", "TelaAzul\TelaAzul.csproj", "{C63D5970-90F4-4BD3-AA2B-D438178459C7}"
EndProject
Project("{FAE04EC0-301F-11D3-BF4B-00C04F79EFBC}") = "Repositorio", "Repositorio\Repositorio.csproj", "{4E032CE4-D21B-416F-8D6E-ACDDA3945866}"
EndProject
Global
	GlobalSection(SolutionConfigurationPlatforms) = preSolution
		Debug|Any CPU = Debug|Any CPU
		Release|Any CPU = Release|Any CPU
	EndGlobalSection
	GlobalSection(ProjectConfigurationPlatforms) = postSolution
		{C63D5970-90F4-4BD3-AA2B-D438178459C7}.Debug|Any CPU.ActiveCfg = Debug|Any CPU
		{C63D5970-90F4-4BD3-AA2B-D438178459C7}.Debug|Any CPU.Build.0 = Debug|Any CPU
		{C63D5970-90F4-4BD3-AA2B-D438178459C7}.Release|Any CPU.ActiveCfg = Release|Any CPU
		{C63D5970-90F4-4BD3-AA2B-D438178459C7}.Release|Any CPU.Build.0 = Release|Any CPU
		{4E032CE4-D21B-416F-8D6E-ACDDA3945866}.Debug|Any CPU.ActiveCfg = Debug|Any CPU
		{4E032CE4-D21B-416F-8D6E-ACDDA3945866}.Debug|Any CPU.Build.0 = Debug|Any CPU
		{4E032CE4-D21B-416F-8D6E-ACDDA3945866}.Release|Any CPU.ActiveCfg = Release|Any CPU
		{4E032CE4-D21B-416F-8D6E-ACDDA3945866}.Release|Any CPU.Build.0 = Release|Any CPU
	EndGlobalSection
	GlobalSection(SolutionProperties) = preSolution
		HideSolutionNode = FALSE
	EndGlobalSection
	GlobalSection(ExtensibilityGlobals) = postSolution
		SolutionGuid = {D8F5A4FC-C3BB-4CC1-9A00-CB7D1C423FCB}
	EndGlobalSection
EndGlobal
